
Microsoft Visual Studio Solution File, Format Version 12.00
# Visual Studio Version 17
VisualStudioVersion = 17.8.34316.72
MinimumVisualStudioVersion = 10.0.40219.1
Project("{FAE04EC0-301F-11D3-BF4B-00C04F79EFBC}") = "stringedsfg", "stringedsfg\stringedsfg.csproj", "{D3A72E69-7648-462E-9CB9-DCAD46D8235D}"
EndProject
Global
	GlobalSection(SolutionConfigurationPlatforms) = preSolution
		Debug|Any CPU = Debug|Any CPU
		Release|Any CPU = Release|Any CPU
	EndGlobalSection
	GlobalSection(ProjectConfigurationPlatforms) = postSolution
		{D3A72E69-7648-462E-9CB9-DCAD46D8235D}.Debug|Any CPU.ActiveCfg = Debug|Any CPU
		{D3A72E69-7648-462E-9CB9-DCAD46D8235D}.Debug|Any CPU.Build.0 = Debug|Any CPU
		{D3A72E69-7648-462E-9CB9-DCAD46D8235D}.Release|Any CPU.ActiveCfg = Release|Any CPU
		{D3A72E69-7648-462E-9CB9-DCAD46D8235D}.Release|Any CPU.Build.0 = Release|Any CPU
	EndGlobalSection
	GlobalSection(SolutionProperties) = preSolution
		HideSolutionNode = FALSE
	EndGlobalSection
	GlobalSection(ExtensibilityGlobals) = postSolution
		SolutionGuid = {149E7B22-E3A3-413B-8ECE-A876D905F8B7}
	EndGlobalSection
EndGlobal
